
Microsoft Visual Studio Solution File, Format Version 12.00
# Visual Studio Version 16
VisualStudioVersion = 16.0.29230.61
MinimumVisualStudioVersion = 10.0.40219.1
Project("{FAE04EC0-301F-11D3-BF4B-00C04F79EFBC}") = "GIP", "GIP\GIP.csproj", "{3434EFF2-B1D2-437F-8B0C-E30725EC6E7C}"
EndProject
Global
	GlobalSection(SolutionConfigurationPlatforms) = preSolution
		Debug|Any CPU = Debug|Any CPU
		Release|Any CPU = Release|Any CPU
	EndGlobalSection
	GlobalSection(ProjectConfigurationPlatforms) = postSolution
		{3434EFF2-B1D2-437F-8B0C-E30725EC6E7C}.Debug|Any CPU.ActiveCfg = Debug|Any CPU
		{3434EFF2-B1D2-437F-8B0C-E30725EC6E7C}.Debug|Any CPU.Build.0 = Debug|Any CPU
		{3434EFF2-B1D2-437F-8B0C-E30725EC6E7C}.Release|Any CPU.ActiveCfg = Release|Any CPU
		{3434EFF2-B1D2-437F-8B0C-E30725EC6E7C}.Release|Any CPU.Build.0 = Release|Any CPU
	EndGlobalSection
	GlobalSection(SolutionProperties) = preSolution
		HideSolutionNode = FALSE
	EndGlobalSection
	GlobalSection(ExtensibilityGlobals) = postSolution
		SolutionGuid = {2AA16308-39C1-424F-82DD-449754167A9D}
	EndGlobalSection
EndGlobal
